
Microsoft Visual Studio Solution File, Format Version 12.00
# Visual Studio Version 16
VisualStudioVersion = 16.0.31624.102
MinimumVisualStudioVersion = 10.0.40219.1
Project("{FAE04EC0-301F-11D3-BF4B-00C04F79EFBC}") = "HealthSystemV2", "HealthSystemV2\HealthSystemV2.csproj", "{B8CF3A04-403A-4B5B-BB03-175BD22D60B4}"
EndProject
Global
	GlobalSection(SolutionConfigurationPlatforms) = preSolution
		Debug|Any CPU = Debug|Any CPU
		Release|Any CPU = Release|Any CPU
	EndGlobalSection
	GlobalSection(ProjectConfigurationPlatforms) = postSolution
		{B8CF3A04-403A-4B5B-BB03-175BD22D60B4}.Debug|Any CPU.ActiveCfg = Debug|Any CPU
		{B8CF3A04-403A-4B5B-BB03-175BD22D60B4}.Debug|Any CPU.Build.0 = Debug|Any CPU
		{B8CF3A04-403A-4B5B-BB03-175BD22D60B4}.Release|Any CPU.ActiveCfg = Release|Any CPU
		{B8CF3A04-403A-4B5B-BB03-175BD22D60B4}.Release|Any CPU.Build.0 = Release|Any CPU
	EndGlobalSection
	GlobalSection(SolutionProperties) = preSolution
		HideSolutionNode = FALSE
	EndGlobalSection
	GlobalSection(ExtensibilityGlobals) = postSolution
		SolutionGuid = {54565B0E-FC0F-4457-AF0A-C7C3CF091C6D}
	EndGlobalSection
EndGlobal
